Package: BH
Version: 1.69.0-1

Package: DBI
Version: 1.0.0

Package: MASS
Version: 7.3-51.4

Package: Matrix
Version: 1.2-17

Package: R6
Version: 2.4.0

Package: RColorBrewer
Version: 1.1-2

Package: Rcpp
Version: 1.0.1

Package: SparkR
Version: 2.4.3

Package: arrow
Version: 0.13.0

Package: askpass
Version: 1.1

Package: assertthat
Version: 0.2.1

Package: backports
Version: 1.1.4

Package: base64enc
Version: 0.1-3

Package: bit
Version: 1.1-14

Package: bit64
Version: 0.9-7

Package: cli
Version: 1.1.0

Package: colorspace
Version: 1.4-1

Package: config
Version: 0.3

Package: crayon
Version: 1.3.4

Package: curl
Version: 3.3

Package: dbplyr
Version: 1.4.0

Package: digest
Version: 0.6.18

Package: dplyr
Version: 0.8.1

Package: ellipsis
Version: 0.1.0

Package: fansi
Version: 0.4.0

Package: forge
Version: 0.2.0

Package: fs
Version: 1.2.7

Package: generics
Version: 0.0.2

Package: ggplot2
Version: 3.1.1

Package: glue
Version: 1.3.1

Package: gtable
Version: 0.3.0

Package: htmltools
Version: 0.3.6

Package: htmlwidgets
Version: 1.3

Package: httr
Version: 1.4.0

Package: jsonlite
Version: 1.6

Package: labeling
Version: 0.3

Package: lattice
Version: 0.20-38

Package: lazyeval
Version: 0.2.2

Package: logging
Version: 0.9-106

Package: magrittr
Version: 1.5

Package: mgcv
Version: 1.8-28

Package: microbenchmark
Version: 1.4-6

Package: mime
Version: 0.6

Package: munsell
Version: 0.5.0

Package: nlme
Version: 3.1-140

Package: openssl
Version: 1.3

Package: pillar
Version: 1.4.0

Package: pkgconfig
Version: 2.0.2

Package: plogr
Version: 0.2.0

Package: plyr
Version: 1.8.4

Package: purrr
Version: 0.3.2

Package: r2d3
Version: 0.2.3

Package: randomForest
Version: 4.6-14

Package: rappdirs
Version: 0.3.1

Package: reshape2
Version: 1.4.3

Package: rlang
Version: 0.3.4

Package: rprojroot
Version: 1.3-2

Package: rstudioapi
Version: 0.10

Package: scales
Version: 1.0.0

Package: sparklyr
Version: 1.0.0

Package: stringi
Version: 1.4.3

Package: stringr
Version: 1.4.0

Package: sys
Version: 3.2

Package: tibble
Version: 2.1.1

Package: tidyr
Version: 0.8.3

Package: tidyselect
Version: 0.2.5

Package: utf8
Version: 1.1.4

Package: vctrs
Version: 0.1.0

Package: viridisLite
Version: 0.3.0

Package: withr
Version: 2.1.2

Package: xml2
Version: 1.2.0

Package: yaml
Version: 2.2.0

Package: zeallot
Version: 0.1.0
